
Microsoft Visual Studio Solution File, Format Version 12.00
# Visual Studio Version 16
VisualStudioVersion = 16.0.30711.63
MinimumVisualStudioVersion = 10.0.40219.1
Project("{9A19103F-16F7-4668-BE54-9A1E7A4F7556}") = "PrimeNumbers.OnDemandFinder.API", "PrimeNumbers.OnDemandFinder.API\PrimeNumbers.OnDemandFinder.API.csproj", "{20F9A8F5-E9AF-42F1-905E-F83F28F1DE92}"
EndProject
Global
	GlobalSection(SolutionConfigurationPlatforms) = preSolution
		Debug|x64 = Debug|x64
		Release|x64 = Release|x64
	EndGlobalSection
	GlobalSection(ProjectConfigurationPlatforms) = postSolution
		{20F9A8F5-E9AF-42F1-905E-F83F28F1DE92}.Debug|x64.ActiveCfg = Debug|x64
		{20F9A8F5-E9AF-42F1-905E-F83F28F1DE92}.Debug|x64.Build.0 = Debug|x64
		{20F9A8F5-E9AF-42F1-905E-F83F28F1DE92}.Release|x64.ActiveCfg = Release|x64
		{20F9A8F5-E9AF-42F1-905E-F83F28F1DE92}.Release|x64.Build.0 = Release|x64
	EndGlobalSection
	GlobalSection(SolutionProperties) = preSolution
		HideSolutionNode = FALSE
	EndGlobalSection
	GlobalSection(ExtensibilityGlobals) = postSolution
		SolutionGuid = {E2ACFD71-2751-4965-BF58-5E2C3414A74E}
	EndGlobalSection
EndGlobal
