
Microsoft Visual Studio Solution File, Format Version 12.00
# Visual Studio Version 16
VisualStudioVersion = 16.0.30711.63
MinimumVisualStudioVersion = 10.0.40219.1
Project("{9A19103F-16F7-4668-BE54-9A1E7A4F7556}") = "PrimeNumbers.OnDemandFinder.API", "PrimeNumbers.OnDemandFinder.API\PrimeNumbers.OnDemandFinder.API.csproj", "{20F9A8F5-E9AF-42F1-905E-F83F28F1DE92}"
EndProject
Project("{FAE04EC0-301F-11D3-BF4B-00C04F79EFBC}") = "PrimeNumbers.Shared.PrimeCalculation", "PrimeNumbers.Shared.PrimeCalculation\PrimeNumbers.Shared.PrimeCalculation.csproj", "{F34A75D8-58DE-456E-88A9-D2BA53C47B18}"
EndProject
Global
	GlobalSection(SolutionConfigurationPlatforms) = preSolution
		Debug|Any CPU = Debug|Any CPU
		Release|Any CPU = Release|Any CPU
	EndGlobalSection
	GlobalSection(ProjectConfigurationPlatforms) = postSolution
		{20F9A8F5-E9AF-42F1-905E-F83F28F1DE92}.Debug|Any CPU.ActiveCfg = Debug|Any CPU
		{20F9A8F5-E9AF-42F1-905E-F83F28F1DE92}.Debug|Any CPU.Build.0 = Debug|Any CPU
		{20F9A8F5-E9AF-42F1-905E-F83F28F1DE92}.Release|Any CPU.ActiveCfg = Release|Any CPU
		{20F9A8F5-E9AF-42F1-905E-F83F28F1DE92}.Release|Any CPU.Build.0 = Release|Any CPU
		{F34A75D8-58DE-456E-88A9-D2BA53C47B18}.Debug|Any CPU.ActiveCfg = Debug|Any CPU
		{F34A75D8-58DE-456E-88A9-D2BA53C47B18}.Debug|Any CPU.Build.0 = Debug|Any CPU
		{F34A75D8-58DE-456E-88A9-D2BA53C47B18}.Release|Any CPU.ActiveCfg = Release|Any CPU
		{F34A75D8-58DE-456E-88A9-D2BA53C47B18}.Release|Any CPU.Build.0 = Release|Any CPU
	EndGlobalSection
	GlobalSection(SolutionProperties) = preSolution
		HideSolutionNode = FALSE
	EndGlobalSection
	GlobalSection(ExtensibilityGlobals) = postSolution
		SolutionGuid = {E2ACFD71-2751-4965-BF58-5E2C3414A74E}
	EndGlobalSection
EndGlobal
